{
  "nodes": {
    "arion": {
      "inputs": {
        "flake-parts": "flake-parts",
        "haskell-flake": "haskell-flake",
        "nixpkgs": "nixpkgs"
      },
      "locked": {
        "lastModified": 1765823956,
        "narHash": "sha256-XkhnN59VBFx0P4U1BCtHxvwUxdl/6zjY5r+9L0bfcJc=",
        "owner": "jefdaj",
        "repo": "arion",
        "rev": "1f9aae5ef5b6641f45850c185e53f4d231badd2e",
        "type": "github"
      },
      "original": {
        "owner": "jefdaj",
        "ref": "rm-obsolete-version-attribute",
        "repo": "arion",
        "type": "github"
      }
    },
    "electionguard-python": {
      "inputs": {
        "nixpkgs": [
          "nixpkgs"
        ],
        "pyproject-build-systems": "pyproject-build-systems",
        "pyproject-nix": "pyproject-nix",
        "uv2nix": "uv2nix"
      },
      "locked": {
        "lastModified": 1784000120,
        "narHash": "sha256-EFC+Edp2HFX7jM/PdvOs+rADfQmeC+zEzVQDXO0+xKg=",
        "path": "/home/jefdaj/myrepos/electionguard-python",
        "type": "path"
      },
      "original": {
        "path": "/home/jefdaj/myrepos/electionguard-python",
        "type": "path"
      }
    },
    "flake-parts": {
      "inputs": {
        "nixpkgs-lib": [
          "arion",
          "nixpkgs"
        ]
      },
      "locked": {
        "lastModified": 1759362264,
        "narHash": "sha256-wfG0S7pltlYyZTM+qqlhJ7GMw2fTF4mLKCIVhLii/4M=",
        "owner": "hercules-ci",
        "repo": "flake-parts",
        "rev": "758cf7296bee11f1706a574c77d072b8a7baa881",
        "type": "github"
      },
      "original": {
        "owner": "hercules-ci",
        "repo": "flake-parts",
        "type": "github"
      }
    },
    "haskell-flake": {
      "locked": {
        "lastModified": 1675296942,
        "narHash": "sha256-u1X1sblozi5qYEcLp1hxcyo8FfDHnRUVX3dJ/tW19jY=",
        "owner": "srid",
        "repo": "haskell-flake",
        "rev": "c2cafce9d57bfca41794dc3b99c593155006c71e",
        "type": "github"
      },
      "original": {
        "owner": "srid",
        "ref": "0.1.0",
        "repo": "haskell-flake",
        "type": "github"
      }
    },
    "nixpkgs": {
      "locked": {
        "lastModified": 1759381078,
        "narHash": "sha256-gTrEEp5gEspIcCOx9PD8kMaF1iEmfBcTbO0Jag2QhQs=",
        "owner": "NixOS",
        "repo": "nixpkgs",
        "rev": "7df7ff7d8e00218376575f0acdcc5d66741351ee",
        "type": "github"
      },
      "original": {
        "owner": "NixOS",
        "ref": "nixos-unstable",
        "repo": "nixpkgs",
        "type": "github"
      }
    },
    "nixpkgs_2": {
      "locked": {
        "lastModified": 1783224372,
        "narHash": "sha256-8i/87eeoqiGE4yOTjwSA3Eh/ziJRQEmd/unYU+K27sk=",
        "owner": "NixOS",
        "repo": "nixpkgs",
        "rev": "d407951447dcd00442e97087bf374aad70c04cea",
        "type": "github"
      },
      "original": {
        "owner": "NixOS",
        "ref": "nixos-unstable",
        "repo": "nixpkgs",
        "type": "github"
      }
    },
    "pyproject-build-systems": {
      "inputs": {
        "nixpkgs": [
          "electionguard-python",
          "nixpkgs"
        ],
        "pyproject-nix": [
          "electionguard-python",
          "pyproject-nix"
        ],
        "uv2nix": [
          "electionguard-python",
          "uv2nix"
        ]
      },
      "locked": {
        "lastModified": 1782093830,
        "narHash": "sha256-6gmEVe69+KlRkZD4PEEV5xAlB9CB0Y9TiuEgQjDrKTQ=",
        "owner": "pyproject-nix",
        "repo": "build-system-pkgs",
        "rev": "430680a19bc85a3bda55f12e4cc1a1aadcf2e478",
        "type": "github"
      },
      "original": {
        "owner": "pyproject-nix",
        "repo": "build-system-pkgs",
        "type": "github"
      }
    },
    "pyproject-build-systems_2": {
      "inputs": {
        "nixpkgs": [
          "nixpkgs"
        ],
        "pyproject-nix": [
          "pyproject-nix"
        ],
        "uv2nix": [
          "uv2nix"
        ]
      },
      "locked": {
        "lastModified": 1782093830,
        "narHash": "sha256-6gmEVe69+KlRkZD4PEEV5xAlB9CB0Y9TiuEgQjDrKTQ=",
        "owner": "pyproject-nix",
        "repo": "build-system-pkgs",
        "rev": "430680a19bc85a3bda55f12e4cc1a1aadcf2e478",
        "type": "github"
      },
      "original": {
        "owner": "pyproject-nix",
        "repo": "build-system-pkgs",
        "type": "github"
      }
    },
    "pyproject-nix": {
      "inputs": {
        "nixpkgs": [
          "electionguard-python",
          "nixpkgs"
        ]
      },
      "locked": {
        "lastModified": 1782905613,
        "narHash": "sha256-SvXJcAemihifkTn4BGvyE5K1FJX9bl4U8DQ5pqKvD0s=",
        "owner": "pyproject-nix",
        "repo": "pyproject.nix",
        "rev": "7af23cfe91064865ecf2e835da28b45b3c6f49fd",
        "type": "github"
      },
      "original": {
        "owner": "pyproject-nix",
        "repo": "pyproject.nix",
        "type": "github"
      }
    },
    "pyproject-nix_2": {
      "inputs": {
        "nixpkgs": [
          "nixpkgs"
        ]
      },
      "locked": {
        "lastModified": 1782905613,
        "narHash": "sha256-SvXJcAemihifkTn4BGvyE5K1FJX9bl4U8DQ5pqKvD0s=",
        "owner": "pyproject-nix",
        "repo": "pyproject.nix",
        "rev": "7af23cfe91064865ecf2e835da28b45b3c6f49fd",
        "type": "github"
      },
      "original": {
        "owner": "pyproject-nix",
        "repo": "pyproject.nix",
        "type": "github"
      }
    },
    "root": {
      "inputs": {
        "arion": "arion",
        "electionguard-python": "electionguard-python",
        "nixpkgs": "nixpkgs_2",
        "pyproject-build-systems": "pyproject-build-systems_2",
        "pyproject-nix": "pyproject-nix_2",
        "uv2nix": "uv2nix_2"
      }
    },
    "uv2nix": {
      "inputs": {
        "nixpkgs": [
          "electionguard-python",
          "nixpkgs"
        ],
        "pyproject-nix": [
          "electionguard-python",
          "pyproject-nix"
        ]
      },
      "locked": {
        "lastModified": 1783307743,
        "narHash": "sha256-oseisp2tblvzYZdojkA5URLnMjrpPiemzr5T7BdUyuU=",
        "owner": "pyproject-nix",
        "repo": "uv2nix",
        "rev": "288b0a580ede39d3d7f96e3d835f9df0a7080223",
        "type": "github"
      },
      "original": {
        "owner": "pyproject-nix",
        "repo": "uv2nix",
        "type": "github"
      }
    },
    "uv2nix_2": {
      "inputs": {
        "nixpkgs": [
          "nixpkgs"
        ],
        "pyproject-nix": [
          "pyproject-nix"
        ]
      },
      "locked": {
        "lastModified": 1783307743,
        "narHash": "sha256-oseisp2tblvzYZdojkA5URLnMjrpPiemzr5T7BdUyuU=",
        "owner": "pyproject-nix",
        "repo": "uv2nix",
        "rev": "288b0a580ede39d3d7f96e3d835f9df0a7080223",
        "type": "github"
      },
      "original": {
        "owner": "pyproject-nix",
        "repo": "uv2nix",
        "type": "github"
      }
    }
  },
  "root": "root",
  "version": 7
}
